
Microsoft Visual Studio Solution File, Format Version 12.00
# Visual Studio 15
VisualStudioVersion = 15.0.28307.1321
MinimumVisualStudioVersion = 10.0.40219.1
Project("{159641D6-6404-4A2A-AE62-294DE0FE8301}") = "DynamicDataLoadSSIS", "DynamicDataLoadSSIS\DynamicDataLoadSSIS.dtproj", "{30E7A5C7-675F-4B17-8BCD-7F37A59955BB}"
EndProject
Global
	GlobalSection(SolutionConfigurationPlatforms) = preSolution
		Development|Default = Development|Default
	EndGlobalSection
	GlobalSection(ProjectConfigurationPlatforms) = postSolution
		{30E7A5C7-675F-4B17-8BCD-7F37A59955BB}.Development|Default.ActiveCfg = Development
		{30E7A5C7-675F-4B17-8BCD-7F37A59955BB}.Development|Default.Build.0 = Development
	EndGlobalSection
	GlobalSection(SolutionProperties) = preSolution
		HideSolutionNode = FALSE
	EndGlobalSection
	GlobalSection(ExtensibilityGlobals) = postSolution
		SolutionGuid = {5532E5FF-04FB-4312-A0BC-EBEDEC7506EB}
	EndGlobalSection
EndGlobal
